
Microsoft Visual Studio Solution File, Format Version 12.00
# Visual Studio Version 17
VisualStudioVersion = 17.0.32126.317
MinimumVisualStudioVersion = 10.0.40219.1
Project("{FAE04EC0-301F-11D3-BF4B-00C04F79EFBC}") = "7.seventconsoleapp", "7.seventconsoleapp.csproj", "{4106EFAF-8751-41DA-A635-355F713C860B}"
EndProject
Global
	GlobalSection(SolutionConfigurationPlatforms) = preSolution
		Debug|Any CPU = Debug|Any CPU
		Release|Any CPU = Release|Any CPU
	EndGlobalSection
	GlobalSection(ProjectConfigurationPlatforms) = postSolution
		{4106EFAF-8751-41DA-A635-355F713C860B}.Debug|Any CPU.ActiveCfg = Debug|Any CPU
		{4106EFAF-8751-41DA-A635-355F713C860B}.Debug|Any CPU.Build.0 = Debug|Any CPU
		{4106EFAF-8751-41DA-A635-355F713C860B}.Release|Any CPU.ActiveCfg = Release|Any CPU
		{4106EFAF-8751-41DA-A635-355F713C860B}.Release|Any CPU.Build.0 = Release|Any CPU
	EndGlobalSection
	GlobalSection(SolutionProperties) = preSolution
		HideSolutionNode = FALSE
	EndGlobalSection
	GlobalSection(ExtensibilityGlobals) = postSolution
		SolutionGuid = {99DB6F10-1285-498E-931B-EF2138E84ECF}
	EndGlobalSection
EndGlobal
