
Microsoft Visual Studio Solution File, Format Version 12.00
# Visual Studio Version 17
VisualStudioVersion = 17.0.32126.317
MinimumVisualStudioVersion = 10.0.40219.1
Project("{FAE04EC0-301F-11D3-BF4B-00C04F79EFBC}") = "19.nineteenthconsoleapp", "19.nineteenthconsoleapp.csproj", "{A33F25D7-901F-4D30-A4C6-0DA3A1EC55A1}"
EndProject
Global
	GlobalSection(SolutionConfigurationPlatforms) = preSolution
		Debug|Any CPU = Debug|Any CPU
		Release|Any CPU = Release|Any CPU
	EndGlobalSection
	GlobalSection(ProjectConfigurationPlatforms) = postSolution
		{A33F25D7-901F-4D30-A4C6-0DA3A1EC55A1}.Debug|Any CPU.ActiveCfg = Debug|Any CPU
		{A33F25D7-901F-4D30-A4C6-0DA3A1EC55A1}.Debug|Any CPU.Build.0 = Debug|Any CPU
		{A33F25D7-901F-4D30-A4C6-0DA3A1EC55A1}.Release|Any CPU.ActiveCfg = Release|Any CPU
		{A33F25D7-901F-4D30-A4C6-0DA3A1EC55A1}.Release|Any CPU.Build.0 = Release|Any CPU
	EndGlobalSection
	GlobalSection(SolutionProperties) = preSolution
		HideSolutionNode = FALSE
	EndGlobalSection
	GlobalSection(ExtensibilityGlobals) = postSolution
		SolutionGuid = {C36F0EE0-90B6-4534-975B-56AE23EDFAF7}
	EndGlobalSection
EndGlobal
