
Microsoft Visual Studio Solution File, Format Version 12.00
# Visual Studio Version 17
VisualStudioVersion = 17.0.32126.317
MinimumVisualStudioVersion = 10.0.40219.1
Project("{FAE04EC0-301F-11D3-BF4B-00C04F79EFBC}") = "22.twentysecondthconsoleapp", "22.twentysecondthconsoleapp.csproj", "{59AFEC25-5610-45DC-B489-1C8F84A29CBA}"
EndProject
Global
	GlobalSection(SolutionConfigurationPlatforms) = preSolution
		Debug|Any CPU = Debug|Any CPU
		Release|Any CPU = Release|Any CPU
	EndGlobalSection
	GlobalSection(ProjectConfigurationPlatforms) = postSolution
		{59AFEC25-5610-45DC-B489-1C8F84A29CBA}.Debug|Any CPU.ActiveCfg = Debug|Any CPU
		{59AFEC25-5610-45DC-B489-1C8F84A29CBA}.Debug|Any CPU.Build.0 = Debug|Any CPU
		{59AFEC25-5610-45DC-B489-1C8F84A29CBA}.Release|Any CPU.ActiveCfg = Release|Any CPU
		{59AFEC25-5610-45DC-B489-1C8F84A29CBA}.Release|Any CPU.Build.0 = Release|Any CPU
	EndGlobalSection
	GlobalSection(SolutionProperties) = preSolution
		HideSolutionNode = FALSE
	EndGlobalSection
	GlobalSection(ExtensibilityGlobals) = postSolution
		SolutionGuid = {7016B453-B756-478A-8988-6BEE91433596}
	EndGlobalSection
EndGlobal
