
Microsoft Visual Studio Solution File, Format Version 12.00
# Visual Studio Version 17
VisualStudioVersion = 17.0.32126.317
MinimumVisualStudioVersion = 10.0.40219.1
Project("{FAE04EC0-301F-11D3-BF4B-00C04F79EFBC}") = "secondconsoleapp", "secondconsoleapp.csproj", "{2EA72EE7-950A-41AB-B137-8C383B02CAAD}"
EndProject
Global
	GlobalSection(SolutionConfigurationPlatforms) = preSolution
		Debug|Any CPU = Debug|Any CPU
		Release|Any CPU = Release|Any CPU
	EndGlobalSection
	GlobalSection(ProjectConfigurationPlatforms) = postSolution
		{2EA72EE7-950A-41AB-B137-8C383B02CAAD}.Debug|Any CPU.ActiveCfg = Debug|Any CPU
		{2EA72EE7-950A-41AB-B137-8C383B02CAAD}.Debug|Any CPU.Build.0 = Debug|Any CPU
		{2EA72EE7-950A-41AB-B137-8C383B02CAAD}.Release|Any CPU.ActiveCfg = Release|Any CPU
		{2EA72EE7-950A-41AB-B137-8C383B02CAAD}.Release|Any CPU.Build.0 = Release|Any CPU
	EndGlobalSection
	GlobalSection(SolutionProperties) = preSolution
		HideSolutionNode = FALSE
	EndGlobalSection
	GlobalSection(ExtensibilityGlobals) = postSolution
		SolutionGuid = {231773D9-DA62-4FBE-BA06-4A98567D2409}
	EndGlobalSection
EndGlobal
