
Microsoft Visual Studio Solution File, Format Version 12.00
# Visual Studio Version 17
VisualStudioVersion = 17.0.32126.317
MinimumVisualStudioVersion = 10.0.40219.1
Project("{FAE04EC0-301F-11D3-BF4B-00C04F79EFBC}") = "23.twentythirdconsoleapp", "23.twentythirdconsoleapp.csproj", "{AA9F621D-CE14-4BC4-81A6-19E10138A7E3}"
EndProject
Global
	GlobalSection(SolutionConfigurationPlatforms) = preSolution
		Debug|Any CPU = Debug|Any CPU
		Release|Any CPU = Release|Any CPU
	EndGlobalSection
	GlobalSection(ProjectConfigurationPlatforms) = postSolution
		{AA9F621D-CE14-4BC4-81A6-19E10138A7E3}.Debug|Any CPU.ActiveCfg = Debug|Any CPU
		{AA9F621D-CE14-4BC4-81A6-19E10138A7E3}.Debug|Any CPU.Build.0 = Debug|Any CPU
		{AA9F621D-CE14-4BC4-81A6-19E10138A7E3}.Release|Any CPU.ActiveCfg = Release|Any CPU
		{AA9F621D-CE14-4BC4-81A6-19E10138A7E3}.Release|Any CPU.Build.0 = Release|Any CPU
	EndGlobalSection
	GlobalSection(SolutionProperties) = preSolution
		HideSolutionNode = FALSE
	EndGlobalSection
	GlobalSection(ExtensibilityGlobals) = postSolution
		SolutionGuid = {59FD6023-3D59-4050-ACFE-6C5EBF1F5DAE}
	EndGlobalSection
EndGlobal
