
Microsoft Visual Studio Solution File, Format Version 12.00
# Visual Studio Version 17
VisualStudioVersion = 17.0.32126.317
MinimumVisualStudioVersion = 10.0.40219.1
Project("{FAE04EC0-301F-11D3-BF4B-00C04F79EFBC}") = "25.twentyfifthconsoleapp", "25.twentyfifthconsoleapp.csproj", "{0EC62540-F15A-4484-9D3A-6F93D71D2428}"
EndProject
Global
	GlobalSection(SolutionConfigurationPlatforms) = preSolution
		Debug|Any CPU = Debug|Any CPU
		Release|Any CPU = Release|Any CPU
	EndGlobalSection
	GlobalSection(ProjectConfigurationPlatforms) = postSolution
		{0EC62540-F15A-4484-9D3A-6F93D71D2428}.Debug|Any CPU.ActiveCfg = Debug|Any CPU
		{0EC62540-F15A-4484-9D3A-6F93D71D2428}.Debug|Any CPU.Build.0 = Debug|Any CPU
		{0EC62540-F15A-4484-9D3A-6F93D71D2428}.Release|Any CPU.ActiveCfg = Release|Any CPU
		{0EC62540-F15A-4484-9D3A-6F93D71D2428}.Release|Any CPU.Build.0 = Release|Any CPU
	EndGlobalSection
	GlobalSection(SolutionProperties) = preSolution
		HideSolutionNode = FALSE
	EndGlobalSection
	GlobalSection(ExtensibilityGlobals) = postSolution
		SolutionGuid = {DDF747E1-6BDC-48B7-AB89-7C9B67D42C93}
	EndGlobalSection
EndGlobal
